
Microsoft Visual Studio Solution File, Format Version 12.00
# Visual Studio Version 17
VisualStudioVersion = 17.0.31612.314
MinimumVisualStudioVersion = 10.0.40219.1
Project("{9A19103F-16F7-4668-BE54-9A1E7A4F7556}") = "MK94.DataGenerator", "MK94.DataGenerator\MK94.DataGenerator.csproj", "{DF0E3B82-0E87-4D6D-B99A-41640A26F380}"
EndProject
Project("{FAE04EC0-301F-11D3-BF4B-00C04F79EFBC}") = "MK94.DataGenerator.Test", "MK94.DataGenerator.Test\MK94.DataGenerator.Test.csproj", "{CEA74623-26F9-4FE4-BADB-D56B54480E08}"
EndProject
Global
	GlobalSection(SolutionConfigurationPlatforms) = preSolution
		Debug|Any CPU = Debug|Any CPU
		Release|Any CPU = Release|Any CPU
	EndGlobalSection
	GlobalSection(ProjectConfigurationPlatforms) = postSolution
		{DF0E3B82-0E87-4D6D-B99A-41640A26F380}.Debug|Any CPU.ActiveCfg = Debug|Any CPU
		{DF0E3B82-0E87-4D6D-B99A-41640A26F380}.Debug|Any CPU.Build.0 = Debug|Any CPU
		{DF0E3B82-0E87-4D6D-B99A-41640A26F380}.Release|Any CPU.ActiveCfg = Release|Any CPU
		{DF0E3B82-0E87-4D6D-B99A-41640A26F380}.Release|Any CPU.Build.0 = Release|Any CPU
		{CEA74623-26F9-4FE4-BADB-D56B54480E08}.Debug|Any CPU.ActiveCfg = Debug|Any CPU
		{CEA74623-26F9-4FE4-BADB-D56B54480E08}.Debug|Any CPU.Build.0 = Debug|Any CPU
		{CEA74623-26F9-4FE4-BADB-D56B54480E08}.Release|Any CPU.ActiveCfg = Release|Any CPU
		{CEA74623-26F9-4FE4-BADB-D56B54480E08}.Release|Any CPU.Build.0 = Release|Any CPU
	EndGlobalSection
	GlobalSection(SolutionProperties) = preSolution
		HideSolutionNode = FALSE
	EndGlobalSection
	GlobalSection(ExtensibilityGlobals) = postSolution
		SolutionGuid = {55E6C0D4-522C-46F6-9D32-9B9163147054}
	EndGlobalSection
EndGlobal
